
Microsoft Visual Studio Solution File, Format Version 11.00
# Visual C# Express 2010
Project("{FAE04EC0-301F-11D3-BF4B-00C04F79EFBC}") = "com.Logiphix.PPMS", "com.Logiphix.PPMS\com.Logiphix.PPMS.csproj", "{56BB2B10-5C69-4B39-B7C9-F68C9FA210B7}"
EndProject
Project("{FAE04EC0-301F-11D3-BF4B-00C04F79EFBC}") = "com.Logiphix.DataAccess", "com.Logiphix.DataAccess\com.Logiphix.DataAccess.csproj", "{C54A559E-A2B3-4A72-92FE-FEAE46199956}"
EndProject
Project("{FAE04EC0-301F-11D3-BF4B-00C04F79EFBC}") = "com.Logiphix.BusinessApplication", "com.Logiphix.BusinessApplication\com.Logiphix.BusinessApplication.csproj", "{9DF159CE-3FBA-4214-AACC-BD925DB16BF4}"
EndProject
Global
	GlobalSection(SolutionConfigurationPlatforms) = preSolution
		Debug|Any CPU = Debug|Any CPU
		Debug|Mixed Platforms = Debug|Mixed Platforms
		Debug|x86 = Debug|x86
		Release|Any CPU = Release|Any CPU
		Release|Mixed Platforms = Release|Mixed Platforms
		Release|x86 = Release|x86
	EndGlobalSection
	GlobalSection(ProjectConfigurationPlatforms) = postSolution
		{56BB2B10-5C69-4B39-B7C9-F68C9FA210B7}.Debug|Any CPU.ActiveCfg = Debug|x86
		{56BB2B10-5C69-4B39-B7C9-F68C9FA210B7}.Debug|Mixed Platforms.ActiveCfg = Debug|x86
		{56BB2B10-5C69-4B39-B7C9-F68C9FA210B7}.Debug|Mixed Platforms.Build.0 = Debug|x86
		{56BB2B10-5C69-4B39-B7C9-F68C9FA210B7}.Debug|x86.ActiveCfg = Debug|x86
		{56BB2B10-5C69-4B39-B7C9-F68C9FA210B7}.Debug|x86.Build.0 = Debug|x86
		{56BB2B10-5C69-4B39-B7C9-F68C9FA210B7}.Release|Any CPU.ActiveCfg = Release|x86
		{56BB2B10-5C69-4B39-B7C9-F68C9FA210B7}.Release|Mixed Platforms.ActiveCfg = Release|x86
		{56BB2B10-5C69-4B39-B7C9-F68C9FA210B7}.Release|Mixed Platforms.Build.0 = Release|x86
		{56BB2B10-5C69-4B39-B7C9-F68C9FA210B7}.Release|x86.ActiveCfg = Release|x86
		{56BB2B10-5C69-4B39-B7C9-F68C9FA210B7}.Release|x86.Build.0 = Release|x86
		{C54A559E-A2B3-4A72-92FE-FEAE46199956}.Debug|Any CPU.ActiveCfg = Debug|Any CPU
		{C54A559E-A2B3-4A72-92FE-FEAE46199956}.Debug|Any CPU.Build.0 = Debug|Any CPU
		{C54A559E-A2B3-4A72-92FE-FEAE46199956}.Debug|Mixed Platforms.ActiveCfg = Debug|Any CPU
		{C54A559E-A2B3-4A72-92FE-FEAE46199956}.Debug|Mixed Platforms.Build.0 = Debug|Any CPU
		{C54A559E-A2B3-4A72-92FE-FEAE46199956}.Debug|x86.ActiveCfg = Debug|Any CPU
		{C54A559E-A2B3-4A72-92FE-FEAE46199956}.Release|Any CPU.ActiveCfg = Release|Any CPU
		{C54A559E-A2B3-4A72-92FE-FEAE46199956}.Release|Any CPU.Build.0 = Release|Any CPU
		{C54A559E-A2B3-4A72-92FE-FEAE46199956}.Release|Mixed Platforms.ActiveCfg = Release|Any CPU
		{C54A559E-A2B3-4A72-92FE-FEAE46199956}.Release|Mixed Platforms.Build.0 = Release|Any CPU
		{C54A559E-A2B3-4A72-92FE-FEAE46199956}.Release|x86.ActiveCfg = Release|Any CPU
		{9DF159CE-3FBA-4214-AACC-BD925DB16BF4}.Debug|Any CPU.ActiveCfg = Debug|Any CPU
		{9DF159CE-3FBA-4214-AACC-BD925DB16BF4}.Debug|Any CPU.Build.0 = Debug|Any CPU
		{9DF159CE-3FBA-4214-AACC-BD925DB16BF4}.Debug|Mixed Platforms.ActiveCfg = Debug|Any CPU
		{9DF159CE-3FBA-4214-AACC-BD925DB16BF4}.Debug|Mixed Platforms.Build.0 = Debug|Any CPU
		{9DF159CE-3FBA-4214-AACC-BD925DB16BF4}.Debug|x86.ActiveCfg = Debug|Any CPU
		{9DF159CE-3FBA-4214-AACC-BD925DB16BF4}.Release|Any CPU.ActiveCfg = Release|Any CPU
		{9DF159CE-3FBA-4214-AACC-BD925DB16BF4}.Release|Any CPU.Build.0 = Release|Any CPU
		{9DF159CE-3FBA-4214-AACC-BD925DB16BF4}.Release|Mixed Platforms.ActiveCfg = Release|Any CPU
		{9DF159CE-3FBA-4214-AACC-BD925DB16BF4}.Release|Mixed Platforms.Build.0 = Release|Any CPU
		{9DF159CE-3FBA-4214-AACC-BD925DB16BF4}.Release|x86.ActiveCfg = Release|Any CPU
	EndGlobalSection
	GlobalSection(SolutionProperties) = preSolution
		HideSolutionNode = FALSE
	EndGlobalSection
EndGlobal
